lockfileVersion: '9.0'

settings:
  autoInstallPeers: true
  excludeLinksFromLockfile: false

importers:

  .:
    devDependencies:
      pnpm:
        specifier: ^8.0.0
        version: 8.15.9

  crates/node:
    dependencies:
      detect-libc:
        specifier: ^2.0.4
        version: 2.0.4
      tar:
        specifier: ^7.4.3
        version: 7.4.3
    devDependencies:
      '@napi-rs/cli':
        specifier: ^3.0.0-alpha.78
        version: 3.0.0-alpha.78(@emnapi/runtime@1.4.5)(@types/node@20.19.1)(emnapi@1.4.5(node-addon-api@8.3.0))
      '@napi-rs/wasm-runtime':
        specifier: ^0.2.12
        version: 0.2.12
      emnapi:
        specifier: 1.4.5
        version: 1.4.5(node-addon-api@8.3.0)
    optionalDependencies:
      '@tailwindcss/oxide-android-arm64':
        specifier: workspace:*
        version: link:npm/android-arm64
      '@tailwindcss/oxide-darwin-arm64':
        specifier: workspace:*
        version: link:npm/darwin-arm64
      '@tailwindcss/oxide-darwin-x64':
        specifier: workspace:*
        version: link:npm/darwin-x64
      '@tailwindcss/oxide-freebsd-x64':
        specifier: workspace:*
        version: link:npm/freebsd-x64
      '@tailwindcss/oxide-linux-arm-gnueabihf':
        specifier: workspace:*
        version: link:npm/linux-arm-gnueabihf
      '@tailwindcss/oxide-linux-arm64-gnu':
        specifier: workspace:*
        version: link:npm/linux-arm64-gnu
      '@tailwindcss/oxide-linux-arm64-musl':
        specifier: workspace:*
        version: link:npm/linux-arm64-musl
      '@tailwindcss/oxide-linux-x64-gnu':
        specifier: workspace:*
        version: link:npm/linux-x64-gnu
      '@tailwindcss/oxide-linux-x64-musl':
        specifier: workspace:*
        version: link:npm/linux-x64-musl
      '@tailwindcss/oxide-wasm32-wasi':
        specifier: workspace:*
        version: link:npm/wasm32-wasi
      '@tailwindcss/oxide-win32-arm64-msvc':
        specifier: workspace:*
        version: link:npm/win32-arm64-msvc
      '@tailwindcss/oxide-win32-x64-msvc':
        specifier: workspace:*
        version: link:npm/win32-x64-msvc

  crates/node/npm/android-arm-eabi: {}

  crates/node/npm/android-arm64: {}

  crates/node/npm/darwin-arm64: {}

  crates/node/npm/darwin-x64: {}

  crates/node/npm/freebsd-x64: {}

  crates/node/npm/linux-arm-gnueabihf: {}

  crates/node/npm/linux-arm64-gnu: {}

  crates/node/npm/linux-arm64-musl: {}

  crates/node/npm/linux-x64-gnu: {}

  crates/node/npm/linux-x64-musl: {}

  crates/node/npm/wasm32-wasi:
    dependencies:
      '@emnapi/core':
        specifier: ^1.4.5
        version: 1.4.5
      '@emnapi/runtime':
        specifier: ^1.4.5
        version: 1.4.5
      '@emnapi/wasi-threads':
        specifier: ^1.0.4
        version: 1.0.4
      '@napi-rs/wasm-runtime':
        specifier: ^0.2.12
        version: 0.2.12
      '@tybys/wasm-util':
        specifier: ^0.10.0
        version: 0.10.0
      tslib:
        specifier: ^2.8.0
        version: 2.8.0

  crates/node/npm/win32-arm64-msvc: {}

  crates/node/npm/win32-x64-msvc: {}

packages:

  '@emnapi/core@1.4.4':
    resolution: {integrity: sha512-A9CnAbC6ARNMKcIcrQwq6HeHCjpcBZ5wSx4U01WXCqEKlrzB9F9315WDNHkrs2xbx7YjjSxbUYxuN6EQzpcY2g==}

  '@emnapi/core@1.4.5':
    resolution: {integrity: sha512-XsLw1dEOpkSX/WucdqUhPWP7hDxSvZiY+fsUC14h+FtQ2Ifni4znbBt8punRX+Uj2JG/uDb8nEHVKvrVlvdZ5Q==}

  '@emnapi/runtime@1.4.4':
    resolution: {integrity: sha512-hHyapA4A3gPaDCNfiqyZUStTMqIkKRshqPIuDOXv1hcBnD4U3l8cP0T1HMCfGRxQ6V64TGCcoswChANyOAwbQg==}

  '@emnapi/runtime@1.4.5':
    resolution: {integrity: sha512-++LApOtY0pEEz1zrd9vy1/zXVaVJJ/EbAF3u0fXIzPJEDtnITsBGbbK0EkM72amhl/R5b+5xx0Y/QhcVOpuulg==}

  '@emnapi/wasi-threads@1.0.3':
    resolution: {integrity: sha512-8K5IFFsQqF9wQNJptGbS6FNKgUTsSRYnTqNCG1vPP8jFdjSv18n2mQfJpkt2Oibo9iBEzcDnDxNwKTzC7svlJw==}

  '@emnapi/wasi-threads@1.0.4':
    resolution: {integrity: sha512-PJR+bOmMOPH8AtcTGAyYNiuJ3/Fcoj2XN/gBEWzDIKh254XO+mM9XoXHk5GNEhodxeMznbg7BlRojVbKN+gC6g==}

  '@inquirer/checkbox@4.1.5':
    resolution: {integrity: sha512-swPczVU+at65xa5uPfNP9u3qx/alNwiaykiI/ExpsmMSQW55trmZcwhYWzw/7fj+n6Q8z1eENvR7vFfq9oPSAQ==}
    engines: {node: '>=18'}
    peerDependencies:
      '@types/node': '>=18'
    peerDependenciesMeta:
      '@types/node':
        optional: true

  '@inquirer/confirm@5.1.9':
    resolution: {integrity: sha512-NgQCnHqFTjF7Ys2fsqK2WtnA8X1kHyInyG+nMIuHowVTIgIuS10T4AznI/PvbqSpJqjCUqNBlKGh1v3bwLFL4w==}
    engines: {node: '>=18'}
    peerDependencies:
      '@types/node': '>=18'
    peerDependenciesMeta:
      '@types/node':
        optional: true

  '@inquirer/core@10.1.10':
    resolution: {integrity: sha512-roDaKeY1PYY0aCqhRmXihrHjoSW2A00pV3Ke5fTpMCkzcGF64R8e0lw3dK+eLEHwS4vB5RnW1wuQmvzoRul8Mw==}
    engines: {node: '>=18'}
    peerDependencies:
      '@types/node': '>=18'
    peerDependenciesMeta:
      '@types/node':
        optional: true

  '@inquirer/editor@4.2.10':
    resolution: {integrity: sha512-5GVWJ+qeI6BzR6TIInLP9SXhWCEcvgFQYmcRG6d6RIlhFjM5TyG18paTGBgRYyEouvCmzeco47x9zX9tQEofkw==}
    engines: {node: '>=18'}
    peerDependencies:
      '@types/node': '>=18'
    peerDependenciesMeta:
      '@types/node':
        optional: true

  '@inquirer/expand@4.0.12':
    resolution: {integrity: sha512-jV8QoZE1fC0vPe6TnsOfig+qwu7Iza1pkXoUJ3SroRagrt2hxiL+RbM432YAihNR7m7XnU0HWl/WQ35RIGmXHw==}
    engines: {node: '>=18'}
    peerDependencies:
      '@types/node': '>=18'
    peerDependenciesMeta:
      '@types/node':
        optional: true

  '@inquirer/figures@1.0.11':
    resolution: {integrity: sha512-eOg92lvrn/aRUqbxRyvpEWnrvRuTYRifixHkYVpJiygTgVSBIHDqLh0SrMQXkafvULg3ck11V7xvR+zcgvpHFw==}
    engines: {node: '>=18'}

  '@inquirer/input@4.1.9':
    resolution: {integrity: sha512-mshNG24Ij5KqsQtOZMgj5TwEjIf+F2HOESk6bjMwGWgcH5UBe8UoljwzNFHqdMbGYbgAf6v2wU/X9CAdKJzgOA==}
    engines: {node: '>=18'}
    peerDependencies:
      '@types/node': '>=18'
    peerDependenciesMeta:
      '@types/node':
        optional: true

  '@inquirer/number@3.0.12':
    resolution: {integrity: sha512-7HRFHxbPCA4e4jMxTQglHJwP+v/kpFsCf2szzfBHy98Wlc3L08HL76UDiA87TOdX5fwj2HMOLWqRWv9Pnn+Z5Q==}
    engines: {node: '>=18'}
    peerDependencies:
      '@types/node': '>=18'
    peerDependenciesMeta:
      '@types/node':
        optional: true

  '@inquirer/password@4.0.12':
    resolution: {integrity: sha512-FlOB0zvuELPEbnBYiPaOdJIaDzb2PmJ7ghi/SVwIHDDSQ2K4opGBkF+5kXOg6ucrtSUQdLhVVY5tycH0j0l+0g==}
    engines: {node: '>=18'}
    peerDependencies:
      '@types/node': '>=18'
    peerDependenciesMeta:
      '@types/node':
        optional: true

  '@inquirer/prompts@7.4.1':
    resolution: {integrity: sha512-UlmM5FVOZF0gpoe1PT/jN4vk8JmpIWBlMvTL8M+hlvPmzN89K6z03+IFmyeu/oFCenwdwHDr2gky7nIGSEVvlA==}
    engines: {node: '>=18'}
    peerDependencies:
      '@types/node': '>=18'
    peerDependenciesMeta:
      '@types/node':
        optional: true

  '@inquirer/rawlist@4.0.12':
    resolution: {integrity: sha512-wNPJZy8Oc7RyGISPxp9/MpTOqX8lr0r+lCCWm7hQra+MDtYRgINv1hxw7R+vKP71Bu/3LszabxOodfV/uTfsaA==}
    engines: {node: '>=18'}
    peerDependencies:
      '@types/node': '>=18'
    peerDependenciesMeta:
      '@types/node':
        optional: true

  '@inquirer/search@3.0.12':
    resolution: {integrity: sha512-H/kDJA3kNlnNIjB8YsaXoQI0Qccgf0Na14K1h8ExWhNmUg2E941dyFPrZeugihEa9AZNW5NdsD/NcvUME83OPQ==}
    engines: {node: '>=18'}
    peerDependencies:
      '@types/node': '>=18'
    peerDependenciesMeta:
      '@types/node':
        optional: true

  '@inquirer/select@4.1.1':
    resolution: {integrity: sha512-IUXzzTKVdiVNMA+2yUvPxWsSgOG4kfX93jOM4Zb5FgujeInotv5SPIJVeXQ+fO4xu7tW8VowFhdG5JRmmCyQ1Q==}
    engines: {node: '>=18'}
    peerDependencies:
      '@types/node': '>=18'
    peerDependenciesMeta:
      '@types/node':
        optional: true

  '@inquirer/type@3.0.6':
    resolution: {integrity: sha512-/mKVCtVpyBu3IDarv0G+59KC4stsD5mDsGpYh+GKs1NZT88Jh52+cuoA1AtLk2Q0r/quNl+1cSUyLRHBFeD0XA==}
    engines: {node: '>=18'}
    peerDependencies:
      '@types/node': '>=18'
    peerDependenciesMeta:
      '@types/node':
        optional: true

  '@isaacs/fs-minipass@4.0.1':
    resolution: {integrity: sha512-wgm9Ehl2jpeqP3zw/7mo3kRHFp5MEDhqAdwy1fTGkHAwnkGOVsgpvQhL8B5n1qlb01jV3n/bI0ZfZp5lWA1k4w==}
    engines: {node: '>=18.0.0'}

  '@napi-rs/cli@3.0.0-alpha.78':
    resolution: {integrity: sha512-x+38HFEotUu5qPVs8xqOWOaZNdyqhc30zLFQkWJmVzsh4LU0MuYlnF7R4acH4ZB3kyhYoxiNfUQc2d9hUUbPlQ==}
    engines: {node: '>= 16'}
    hasBin: true
    peerDependencies:
      '@emnapi/runtime': ^1.1.0
      emnapi: ^1.1.0
    peerDependenciesMeta:
      '@emnapi/runtime':
        optional: true
      emnapi:
        optional: true

  '@napi-rs/cross-toolchain@0.0.19':
    resolution: {integrity: sha512-StHXqYANdTaMFqJJ3JXHqKQMylOzOJPcrOCd9Nt2NIGfvfaXK3SzpmNfkJimkOAYfTsfpfuRERsML0bUZCpHBQ==}
    peerDependencies:
      '@napi-rs/cross-toolchain-arm64-target-aarch64': ^0.0.19
      '@napi-rs/cross-toolchain-arm64-target-armv7': ^0.0.19
      '@napi-rs/cross-toolchain-arm64-target-x86_64': ^0.0.19
      '@napi-rs/cross-toolchain-x64-target-aarch64': ^0.0.19
      '@napi-rs/cross-toolchain-x64-target-armv7': ^0.0.19
      '@napi-rs/cross-toolchain-x64-target-x86_64': ^0.0.19
    peerDependenciesMeta:
      '@napi-rs/cross-toolchain-arm64-target-aarch64':
        optional: true
      '@napi-rs/cross-toolchain-arm64-target-armv7':
        optional: true
      '@napi-rs/cross-toolchain-arm64-target-x86_64':
        optional: true
      '@napi-rs/cross-toolchain-x64-target-aarch64':
        optional: true
      '@napi-rs/cross-toolchain-x64-target-armv7':
        optional: true
      '@napi-rs/cross-toolchain-x64-target-x86_64':
        optional: true

  '@napi-rs/lzma-android-arm-eabi@1.4.1':
    resolution: {integrity: sha512-yenreSpZ9IrqppJOiWDqWMmja7XtSgio9LhtxYwgdILmy/OJTe/mlTYv+FhJBf7hIV9Razu5eBuEa3zKri81IA==}
    engines: {node: '>= 10'}
    cpu: [arm]
    os: [android]

  '@napi-rs/lzma-android-arm64@1.4.1':
    resolution: {integrity: sha512-piutVBz5B1TNxXeEjub0n/IKI6dMaXPPRbVSXuc4gnZgzcihNDUh68vcLZgYd+IMiACZvBxvx2O3t5nthtph3A==}
    engines: {node: '>= 10'}
    cpu: [arm64]
    os: [android]

  '@napi-rs/lzma-darwin-arm64@1.4.1':
    resolution: {integrity: sha512-sDfOhQQFqV8lGbpgJN9DqNLBPR7QOfYjcWUv8FOGPaVP1LPJDnrc5uCpRWWEa2zIKmTiO8P9xzIl0TDzrYmghg==}
    engines: {node: '>= 10'}
    cpu: [arm64]
    os: [darwin]

  '@napi-rs/lzma-darwin-x64@1.4.1':
    resolution: {integrity: sha512-S5/RbC6EP4QkYy2xhxbfm48ZD9FkysfpWY4Slve0nj5RGGsHvcJBg2Pi69jrTPB/zLKz2SUa0i+RfUt9zvZNaw==}
    engines: {node: '>= 10'}
    cpu: [x64]
    os: [darwin]

  '@napi-rs/lzma-freebsd-x64@1.4.1':
    resolution: {integrity: sha512-4AFnq6aZnclwameSBkDWu5Ftb8y4GwvVXeQXJKbN7hf7O5GG/8QpQB1R1NJw2QORUhpKwjAQUpbkTyhL2GFWWw==}
    engines: {node: '>= 10'}
    cpu: [x64]
    os: [freebsd]

  '@napi-rs/lzma-linux-arm-gnueabihf@1.4.1':
    resolution: {integrity: sha512-j5rL1YRIm6rWmmGAvN6DPX6QuRjvFGB93xJ7DTRB47GXW4zHekXae6ivowjJ95vT4Iz4hSWkZbuwAy95eFrWRA==}
    engines: {node: '>= 10'}
    cpu: [arm]
    os: [linux]

  '@napi-rs/lzma-linux-arm64-gnu@1.4.1':
    resolution: {integrity: sha512-1XdFGKyTS9m+VrRQYs9uz+ToHf4Jwm0ejHU48k9lT9MPl8jSqzKdVtFzZBPzronHteSynBfKmUq0+HeWmjrsOQ==}
    engines: {node: '>= 10'}
    cpu: [arm64]
    os: [linux]

  '@napi-rs/lzma-linux-arm64-musl@1.4.1':
    resolution: {integrity: sha512-9d09tYS0/rBwIk1QTcO2hMZEB/ZpsG2+uFW5am1RHElSWMclObirB1An7b6AMDJcRvcomkOg2GZ9COzrvHKwEA==}
    engines: {node: '>= 10'}
    cpu: [arm64]
    os: [linux]

  '@napi-rs/lzma-linux-ppc64-gnu@1.4.1':
    resolution: {integrity: sha512-UzEkmsgoJ3IOGIRb6kBzNiw+ThUpiighop7dVYfSqlF5juGzwf7YewC57RGn4FoJCvadOCrSm5VikAcgrwVgAw==}
    engines: {node: '>= 10'}
    cpu: [ppc64]
    os: [linux]

  '@napi-rs/lzma-linux-riscv64-gnu@1.4.1':
    resolution: {integrity: sha512-9dUKlZ1PdwxTaFF+j3oc+xjlk9nqFwo1NWWOH30uwjl4Rm5Gkv+Fx0pHrzu4kR/iVA+oyQqa9/2uDYnGSTijBA==}
    engines: {node: '>= 10'}
    cpu: [riscv64]
    os: [linux]

  '@napi-rs/lzma-linux-s390x-gnu@1.4.1':
    resolution: {integrity: sha512-MOVXUWJSLLCJDCCAlGa39sh7nv9XjvXzCf7QJus7rD8Ciz0mpXNXF9mg0ji7/MZ7pZlKPlXjXDnpVCfFdSEaFQ==}
    engines: {node: '>= 10'}
    cpu: [s390x]
    os: [linux]

  '@napi-rs/lzma-linux-x64-gnu@1.4.1':
    resolution: {integrity: sha512-Sxu7aJxU1sDbUTqjqLVDV3DCOAlbsFKvmuCN/S5uXBJd1IF2wJ9jK3NbFzfqTAo5Hudx8Y7kOb6+3K+fYPI1KQ==}
    engines: {node: '>= 10'}
    cpu: [x64]
    os: [linux]

  '@napi-rs/lzma-linux-x64-musl@1.4.1':
    resolution: {integrity: sha512-4I3BeKBQJSE5gF2/VTEv7wCLLjhapeutbCGpZPmDiLHZ74rm9edmNXAlKpdjADQ4YDLJ2GIBzttvwLXkJ9U+cw==}
    engines: {node: '>= 10'}
    cpu: [x64]
    os: [linux]

  '@napi-rs/lzma-wasm32-wasi@1.4.1':
    resolution: {integrity: sha512-s32HdKqQWbohf6DGWpG9YMODaBdbKJ++JpNr6Ii7821sKf4h/o+p8IRFTOaWdmdJdllEWlRirnd5crA29VivJQ==}
    engines: {node: '>=14.0.0'}
    cpu: [wasm32]

  '@napi-rs/lzma-win32-arm64-msvc@1.4.1':
    resolution: {integrity: sha512-ISz+v7ML5mKnjEZ7Kk4Z1BIn411r/fz3tDy9j5yDnwQI0MgTsUQFrIQElGUpULWYs2aYc6EZ9PhECbLBfSjh7A==}
    engines: {node: '>= 10'}
    cpu: [arm64]
    os: [win32]

  '@napi-rs/lzma-win32-ia32-msvc@1.4.1':
    resolution: {integrity: sha512-3WKuCpZBrd7Jrw+h1jSu5XAsRWepMJu0sYuRoA4Y4Cwfu9gI7p5Z5Bc510nfjg7M7xvdpkI4UoW2WY7kBFRYrQ==}
    engines: {node: '>= 10'}
    cpu: [ia32]
    os: [win32]

  '@napi-rs/lzma-win32-x64-msvc@1.4.1':
    resolution: {integrity: sha512-0ixRo5z1zFXdh62hlrTV+QCTKHK0te5NHKaExOluhtcc6AdpMmpslvM9JhUxNHI+zM46w/DmmcvcOtqsaTmHgg==}
    engines: {node: '>= 10'}
    cpu: [x64]
    os: [win32]

  '@napi-rs/lzma@1.4.1':
    resolution: {integrity: sha512-5f8K9NHjwHjZKGm3SS+7CFxXQhz8rbg2umBm/9g0xQRXBdYEI31N5z1ACuk9bmBQOusXAq9CArGfs/ZQso2rUA==}
    engines: {node: '>= 10'}

  '@napi-rs/tar-android-arm-eabi@0.1.4':
    resolution: {integrity: sha512-LMSysWp5AmZj1NOCB2jshc9KCvp4gm7vm0Cra5U2crMvlj/fwGrvv6+EzSw49y8wCkNEcQ8QaGq5NBQKiLogSg==}
    engines: {node: '>= 10'}
    cpu: [arm]
    os: [android]

  '@napi-rs/tar-android-arm64@0.1.4':
    resolution: {integrity: sha512-A/2rl8xr7F5yOtHVARROoSwjRRDNL1RlXCsg/K+RE5/V9iPBojsJsLpFPilp7InF6bi+z7aYn+yWCD6wSwfF4A==}
    engines: {node: '>= 10'}
    cpu: [arm64]
    os: [android]

  '@napi-rs/tar-darwin-arm64@0.1.4':
    resolution: {integrity: sha512-mnGBswBRtxDqUwXUZx+f9Uuy2uPssxuvcWFTYgUSZqlS2pg/XIWZdHZhbqWqKGpjpZrYcr+42roytbWlZ+epMA==}
    engines: {node: '>= 10'}
    cpu: [arm64]
    os: [darwin]

  '@napi-rs/tar-darwin-x64@0.1.4':
    resolution: {integrity: sha512-I81Fvl/cfnFVBET49xywNd57dXLJPO7jqrjD9Z2bKeXA0v0Zt1cwV1IOOTihFZXJv7kgu6EfNB7oumoLOTqq5A==}
    engines: {node: '>= 10'}
    cpu: [x64]
    os: [darwin]

  '@napi-rs/tar-freebsd-x64@0.1.4':
    resolution: {integrity: sha512-p5OFr3MqidZHkt9bHV2FgeS6k06g+s0GR2kvj/wm2mIxr7u3/sj3+RTr7GHz5DQq08T7uH85HhsrGYWN3vxmSg==}
    engines: {node: '>= 10'}
    cpu: [x64]
    os: [freebsd]

  '@napi-rs/tar-linux-arm-gnueabihf@0.1.4':
    resolution: {integrity: sha512-POp2zb/Yuw6taEmrTlEoQI5S+2HmgfV1VtqGQZgRmCa85NlWLDsR6vbW9euu/6NbLj3ld15cCeJC2oJkv9k/xg==}
    engines: {node: '>= 10'}
    cpu: [arm]
    os: [linux]

  '@napi-rs/tar-linux-arm64-gnu@0.1.4':
    resolution: {integrity: sha512-TV+2AppSgJx5U9nk1C9bh1afWcBVnnANJ4SmtqUF6ediHcDS2rLebeI8BGljfnX9F149qbT9gOGN+R8tofpCsg==}
    engines: {node: '>= 10'}
    cpu: [arm64]
    os: [linux]

  '@napi-rs/tar-linux-arm64-musl@0.1.4':
    resolution: {integrity: sha512-UFBvKpYmuQRbgmXuSSPb8mRjq4JRZLYJhqwrWWnlfQP13xK2WB7mL2GhewBgynSH4YKDm6biKhK6U5RrSWEDgw==}
    engines: {node: '>= 10'}
    cpu: [arm64]
    os: [linux]

  '@napi-rs/tar-linux-ppc64-gnu@0.1.4':
    resolution: {integrity: sha512-HT+h6Wv51SKXqks8UBF+KVuNJ09fM1GyO+SvCnDB5MF66tGiI2C6/MSX69zf1ZeqjACds1K/UwKiZCmE76/j9A==}
    engines: {node: '>= 10'}
    cpu: [ppc64]
    os: [linux]

  '@napi-rs/tar-linux-s390x-gnu@0.1.4':
    resolution: {integrity: sha512-SJ+HSr281Y6cgJrQ4nkYbXaTHAmTLv/FZm5k9ZRA6Khml//ZoWi7CiT8dnPeD4QxYwCzAFA4aYMUOQJM/mk2/w==}
    engines: {node: '>= 10'}
    cpu: [s390x]
    os: [linux]

  '@napi-rs/tar-linux-x64-gnu@0.1.4':
    resolution: {integrity: sha512-LrF0lRFiFOkO40jfgTdF8dRTvYOLV52fdZ/YnJuBodNcxqEl9rChO3v5Uag//sy0me85FjqtobQNRQP8Nd80dA==}
    engines: {node: '>= 10'}
    cpu: [x64]
    os: [linux]

  '@napi-rs/tar-linux-x64-musl@0.1.4':
    resolution: {integrity: sha512-etGUWbs+Tk1PtzgyWrVzXa2fQrHNKSc/whHm+4x1Num8Oz+wGdjCDTUktYxAVy33PKZhdblVxxE83QXxkgjneQ==}
    engines: {node: '>= 10'}
    cpu: [x64]
    os: [linux]

  '@napi-rs/tar-wasm32-wasi@0.1.4':
    resolution: {integrity: sha512-mANkm93AKy+OspkOBAC5WI64SopXT0VawdTjpeGW1OgyUSJWdUB5rhs3I7B/HW1bi5tsUoZOZQe3rVgYdfzA6g==}
    engines: {node: '>=14.0.0'}
    cpu: [wasm32]

  '@napi-rs/tar-win32-arm64-msvc@0.1.4':
    resolution: {integrity: sha512-/5/gp6WR9b36CysJDe8AdyjNeje+NqCniYJz/AZc+UvpKwG8MG9nS6TMpJ9IgrQacJXvc4lWXxYyn6uuPQVvaQ==}
    engines: {node: '>= 10'}
    cpu: [arm64]
    os: [win32]

  '@napi-rs/tar-win32-ia32-msvc@0.1.4':
    resolution: {integrity: sha512-HnQi0op9BqJqPekKXhEAI1TWkLtavxKDBDGXNhUSm2//jriMeRykahUcKoUUxr1UGrmtxpc5dx0cThBt13paEw==}
    engines: {node: '>= 10'}
    cpu: [ia32]
    os: [win32]

  '@napi-rs/tar-win32-x64-msvc@0.1.4':
    resolution: {integrity: sha512-vy2ebEXerblni6XOgi3a27+CnI6PdQ9Phy/ru5HM4bVd/oulAJohmynAmBAB1AmXg1NLbAEWu43nATEDp5O2hA==}
    engines: {node: '>= 10'}
    cpu: [x64]
    os: [win32]

  '@napi-rs/tar@0.1.4':
    resolution: {integrity: sha512-hDsvmMZY8tl2CcLfjnTeE1o5W1eGTSL+ZIX8YEybtcJwA+Cc8SNHb7l6JqMnGcjOrWBZbHt8tzTN+W7qHS5Wmg==}
    engines: {node: '>= 10'}

  '@napi-rs/wasm-runtime@0.2.12':
    resolution: {integrity: sha512-ZVWUcfwY4E/yPitQJl481FjFo3K22D6qF0DuFH6Y/nbnE11GY5uguDxZMGXPQ8WQ0128MXQD7TnfHyK4oWoIJQ==}

  '@napi-rs/wasm-tools-android-arm-eabi@0.0.3':
    resolution: {integrity: sha512-T2tme8w5jZ/ZCjJurqNtKCxYtGoDjW9v2rn1bfI60ewCfkYXNpxrTURdkOib85sz+BcwmOfXn0enbg5W9KohoQ==}
    engines: {node: '>= 10'}
    cpu: [arm]
    os: [android]

  '@napi-rs/wasm-tools-android-arm64@0.0.3':
    resolution: {integrity: sha512-siHTjrxxBrvsVty5X2jI5waAyzJpr756GqGVUqxqS2eoTuqYRfgaFNvX8asp9LAagFtOojfD0fZfuvxK7dc4Rw==}
    engines: {node: '>= 10'}
    cpu: [arm64]
    os: [android]

  '@napi-rs/wasm-tools-darwin-arm64@0.0.3':
    resolution: {integrity: sha512-0MqsSOYJ4jXcLv/nAInS8nwU+/hL0rSEJo7JXKj3dhkT9UNSj4zfidcOaIb05O9VskJBPmV040+edtWPHXNt2Q==}
    engines: {node: '>= 10'}
    cpu: [arm64]
    os: [darwin]

  '@napi-rs/wasm-tools-darwin-x64@0.0.3':
    resolution: {integrity: sha512-yXAK2mrlBMZZYK/59JRHZu/c683HFpr5ork1cn++fy8gqUBRLbjuq47VDjA7oyLW5SmWqNDhmhjFTDGvfIvcUg==}
    engines: {node: '>= 10'}
    cpu: [x64]
    os: [darwin]

  '@napi-rs/wasm-tools-freebsd-x64@0.0.3':
    resolution: {integrity: sha512-K1rne814utBd9Zo9LCggQ5h0TSnzGPzA+sG78Qr7KfFz8XQxEGDRH5wpzXyF1KaKav2RmO6wGMXlasDgIcq7GA==}
    engines: {node: '>= 10'}
    cpu: [x64]
    os: [freebsd]

  '@napi-rs/wasm-tools-linux-arm64-gnu@0.0.3':
    resolution: {integrity: sha512-Yu3gtpvGc2+hcay3SU5MK7EMrGPBq/V4i8mpw/MEYUCzOb7Vd9aL8CryElzlk0SIbktG08VYMdhFFFoJAjlYtg==}
    engines: {node: '>= 10'}
    cpu: [arm64]
    os: [linux]

  '@napi-rs/wasm-tools-linux-arm64-musl@0.0.3':
    resolution: {integrity: sha512-XN+sPgEwFw3P47wDvtcQyOoZNghIL8gaiRjEGzprB+kE9N21GkuMbk3kdjiBBJkjqKF25f4fbOvNAY0jQEAO3A==}
    engines: {node: '>= 10'}
    cpu: [arm64]
    os: [linux]

  '@napi-rs/wasm-tools-linux-x64-gnu@0.0.3':
    resolution: {integrity: sha512-mfMvMEqn33YtEjIyLPguZ6yDsNtF5zV7mqc99620YDyj2SLa0aI35TNTc7Dm+/hlgqHRKhdudsWGfYc4dBND2Q==}
    engines: {node: '>= 10'}
    cpu: [x64]
    os: [linux]

  '@napi-rs/wasm-tools-linux-x64-musl@0.0.3':
    resolution: {integrity: sha512-KXMsXWGELoN5xgPCoRHbgt5TScSx8BK2GcCHKJ9OPZ2HMfsXbLgS/SNi6vz1CbLMZMLPBY2G6HAk0gzLGyS0mQ==}
    engines: {node: '>= 10'}
    cpu: [x64]
    os: [linux]

  '@napi-rs/wasm-tools-wasm32-wasi@0.0.3':
    resolution: {integrity: sha512-v3iMHnAfMteogpbqHTFeLXPeAzL5AhpDJLvZvLXbuRiMsMRL0dn8CbcEnYja2P/Ui6Xlyky6PcaUsepOUTNb7A==}
    engines: {node: '>=14.0.0'}
    cpu: [wasm32]

  '@napi-rs/wasm-tools-win32-arm64-msvc@0.0.3':
    resolution: {integrity: sha512-HWrg9cW+u+rQKL9XCQILaGGs6mDYdwX9nwcTIvJAjrpGWu8Dp4wz6i66w6YKHqVng1suGYjjr+LH4/1e0tDaAg==}
    engines: {node: '>= 10'}
    cpu: [arm64]
    os: [win32]

  '@napi-rs/wasm-tools-win32-ia32-msvc@0.0.3':
    resolution: {integrity: sha512-h99hAWvQKhcloyPfPi0IjrvKRToTE9Z4UVXoXZhcjpCGmr3o1qW+1FAupRy/TcVdMjUJNLE/aenml3UPqzQEQw==}
    engines: {node: '>= 10'}
    cpu: [ia32]
    os: [win32]

  '@napi-rs/wasm-tools-win32-x64-msvc@0.0.3':
    resolution: {integrity: sha512-7/6IpzMi9VGYxLcc9SJyu9ZIdbDwyyb09glVF/2SFEgke9F5H46XzRrAdSoRnjfcq/tdLyHKJbnpCIB257qVYg==}
    engines: {node: '>= 10'}
    cpu: [x64]
    os: [win32]

  '@napi-rs/wasm-tools@0.0.3':
    resolution: {integrity: sha512-p7NT5wnOIwmP0f3KbXlMabeld5dPFsADpHMWJaBodTSmnPE8P4msguxKJLKWquqAS1FY2dsjBZ62K0/hfiqAUg==}
    engines: {node: '>= 10'}

  '@octokit/auth-token@5.1.2':
    resolution: {integrity: sha512-JcQDsBdg49Yky2w2ld20IHAlwr8d/d8N6NiOXbtuoPCqzbsiJgF633mVUw3x4mo0H5ypataQIX7SFu3yy44Mpw==}
    engines: {node: '>= 18'}

  '@octokit/core@6.1.4':
    resolution: {integrity: sha512-lAS9k7d6I0MPN+gb9bKDt7X8SdxknYqAMh44S5L+lNqIN2NuV8nvv3g8rPp7MuRxcOpxpUIATWprO0C34a8Qmg==}
    engines: {node: '>= 18'}

  '@octokit/endpoint@10.1.3':
    resolution: {integrity: sha512-nBRBMpKPhQUxCsQQeW+rCJ/OPSMcj3g0nfHn01zGYZXuNDvvXudF/TYY6APj5THlurerpFN4a/dQAIAaM6BYhA==}
    engines: {node: '>= 18'}

  '@octokit/graphql@8.2.1':
    resolution: {integrity: sha512-n57hXtOoHrhwTWdvhVkdJHdhTv0JstjDbDRhJfwIRNfFqmSo1DaK/mD2syoNUoLCyqSjBpGAKOG0BuwF392slw==}
    engines: {node: '>= 18'}

  '@octokit/openapi-types@24.2.0':
    resolution: {integrity: sha512-9sIH3nSUttelJSXUrmGzl7QUBFul0/mB8HRYl3fOlgHbIWG+WnYDXU3v/2zMtAvuzZ/ed00Ei6on975FhBfzrg==}

  '@octokit/plugin-paginate-rest@11.6.0':
    resolution: {integrity: sha512-n5KPteiF7pWKgBIBJSk8qzoZWcUkza2O6A0za97pMGVrGfPdltxrfmfF5GucHYvHGZD8BdaZmmHGz5cX/3gdpw==}
    engines: {node: '>= 18'}
    peerDependencies:
      '@octokit/core': '>=6'

  '@octokit/plugin-request-log@5.3.1':
    resolution: {integrity: sha512-n/lNeCtq+9ofhC15xzmJCNKP2BWTv8Ih2TTy+jatNCCq/gQP/V7rK3fjIfuz0pDWDALO/o/4QY4hyOF6TQQFUw==}
    engines: {node: '>= 18'}
    peerDependencies:
      '@octokit/core': '>=6'

  '@octokit/plugin-rest-endpoint-methods@13.5.0':
    resolution: {integrity: sha512-9Pas60Iv9ejO3WlAX3maE1+38c5nqbJXV5GrncEfkndIpZrJ/WPMRd2xYDcPPEt5yzpxcjw9fWNoPhsSGzqKqw==}
    engines: {node: '>= 18'}
    peerDependencies:
      '@octokit/core': '>=6'

  '@octokit/request-error@6.1.7':
    resolution: {integrity: sha512-69NIppAwaauwZv6aOzb+VVLwt+0havz9GT5YplkeJv7fG7a40qpLt/yZKyiDxAhgz0EtgNdNcb96Z0u+Zyuy2g==}
    engines: {node: '>= 18'}

  '@octokit/request@9.2.2':
    resolution: {integrity: sha512-dZl0ZHx6gOQGcffgm1/Sf6JfEpmh34v3Af2Uci02vzUYz6qEN6zepoRtmybWXIGXFIK8K9ylE3b+duCWqhArtg==}
    engines: {node: '>= 18'}

  '@octokit/rest@21.1.1':
    resolution: {integrity: sha512-sTQV7va0IUVZcntzy1q3QqPm/r8rWtDCqpRAmb8eXXnKkjoQEtFe3Nt5GTVsHft+R6jJoHeSiVLcgcvhtue/rg==}
    engines: {node: '>= 18'}

  '@octokit/types@13.10.0':
    resolution: {integrity: sha512-ifLaO34EbbPj0Xgro4G5lP5asESjwHracYJvVaPIyXMuiuXLlhic3S47cBdTb+jfODkTE5YtGCLt3Ay3+J97sA==}

  '@tybys/wasm-util@0.10.0':
    resolution: {integrity: sha512-VyyPYFlOMNylG45GoAe0xDoLwWuowvf92F9kySqzYh8vmYm7D2u4iUJKa1tOUpS70Ku13ASrOkS4ScXFsTaCNQ==}

  '@types/node@20.19.1':
    resolution: {integrity: sha512-jJD50LtlD2dodAEO653i3YF04NWak6jN3ky+Ri3Em3mGR39/glWiboM/IePaRbgwSfqM1TpGXfAg8ohn/4dTgA==}

  ansi-escapes@4.3.2:
    resolution: {integrity: sha512-gKXj5ALrKWQLsYG9jlTRmR/xKluxHV+Z9QEwNIgCfM1/uwPMCuzVVnh5mwTd+OuBZcwSIMbqssNWRm1lE51QaQ==}
    engines: {node: '>=8'}

  ansi-regex@5.0.1:
    resolution: {integrity: sha512-quJQXlTSUGL2LH9SUXo8VwsY4soanhgo6LNSm84E1LBcE8s3O0wpdiRzyR9z/ZZJMlMWv37qOOb9pdJlMUEKFQ==}
    engines: {node: '>=8'}

  ansi-styles@4.3.0:
    resolution: {integrity: sha512-zbB9rCJAT1rbjiVDb2hqKFHNYLxgtk8NURxZ3IZwD3F6NtxbXZQCnnSi1Lkx+IDohdPlFp222wVALIheZJQSEg==}
    engines: {node: '>=8'}

  argparse@2.0.1:
    resolution: {integrity: sha512-8+9WqebbFzpX9OR+Wa6O29asIogeRMzcGtAINdpMHHyAg10f05aSFVBbcEqGf/PXw1EjAZ+q2/bEBg3DvurK3Q==}

  before-after-hook@3.0.2:
    resolution: {integrity: sha512-Nik3Sc0ncrMK4UUdXQmAnRtzmNQTAAXmXIopizwZ1W1t8QmfJj+zL4OA2I7XPTPW5z5TDqv4hRo/JzouDJnX3A==}

  chardet@0.7.0:
    resolution: {integrity: sha512-mT8iDcrh03qDGRRmoA2hmBJnxpllMR+0/0qlzjqZES6NdiWDcZkCNAk4rPFZ9Q85r27unkiNNg8ZOiwZXBHwcA==}

  chownr@3.0.0:
    resolution: {integrity: sha512-+IxzY9BZOQd/XuYPRmrvEVjF/nqj5kgT4kEq7VofrDoM1MxoRjEWkrCC3EtLi59TVawxTAn+orJwFQcrqEN1+g==}
    engines: {node: '>=18'}

  cli-width@4.1.0:
    resolution: {integrity: sha512-ouuZd4/dm2Sw5Gmqy6bGyNNNe1qt9RpmxveLSO7KcgsTnU7RXfsw+/bukWGo1abgBiMAic068rclZsO4IWmmxQ==}
    engines: {node: '>= 12'}

  clipanion@4.0.0-rc.4:
    resolution: {integrity: sha512-CXkMQxU6s9GklO/1f714dkKBMu1lopS1WFF0B8o4AxPykR1hpozxSiUZ5ZUeBjfPgCWqbcNOtZVFhB8Lkfp1+Q==}
    peerDependencies:
      typanion: '*'

  color-convert@2.0.1:
    resolution: {integrity: sha512-RRECPsj7iu/xb5oKYcsFHSppFNnsj/52OVTRKb4zP5onXwVF3zVmmToNcOfGC+CRDpfK/U584fMg38ZHCaElKQ==}
    engines: {node: '>=7.0.0'}

  color-name@1.1.4:
    resolution: {integrity: sha512-dOy+3AuW3a2wNbZHIuMZpTcgjGuLU/uBL/ubcZF9OXbDo8ff4O8yVp5Bf0efS8uEoYo5q4Fx7dY9OgQGXgAsQA==}

  colorette@2.0.20:
    resolution: {integrity: sha512-IfEDxwoWIjkeXL1eXcDiow4UbKjhLdq6/EuSVR9GMN7KVH3r9gQ83e73hsz1Nd1T3ijd5xv1wcWRYO+D6kCI2w==}

  debug@4.4.0:
    resolution: {integrity: sha512-6WTZ/IxCY/T6BALoZHaE4ctp9xm+Z5kY/pzYaCHRFeyVhojxlrm+46y68HA6hr0TcwEssoxNiDEUJQjfPZ/RYA==}
    engines: {node: '>=6.0'}
    peerDependencies:
      supports-color: '*'
    peerDependenciesMeta:
      supports-color:
        optional: true

  detect-libc@2.0.4:
    resolution: {integrity: sha512-3UDv+G9CsCKO1WKMGw9fwq/SWJYbI0c5Y7LU1AXYoDdbhE2AHQ6N6Nb34sG8Fj7T5APy8qXDCKuuIHd1BR0tVA==}
    engines: {node: '>=8'}

  emnapi@1.4.5:
    resolution: {integrity: sha512-qYEfWKYngSahxc6Y+zajiiwzhhn5TkRci3BLQFKHVqT3vxj061IWCgaESZ9921OsbPiyetX43kckXw80dj9d6g==}
    peerDependencies:
      node-addon-api: '>= 6.1.0'
    peerDependenciesMeta:
      node-addon-api:
        optional: true

  emoji-regex@8.0.0:
    resolution: {integrity: sha512-MSjYzcWNOA0ewAHpz0MxpYFvwg6yjy1NG3xteoqz644VCo/RPgnr1/GGt+ic3iJTzQ8Eu3TdM14SawnVUmGE6A==}

  external-editor@3.1.0:
    resolution: {integrity: sha512-hMQ4CX1p1izmuLYyZqLMO/qGNw10wSv9QDCPfzXfyFrOaCSSoRfqE1Kf1s5an66J5JZC62NewG+mK49jOCtQew==}
    engines: {node: '>=4'}

  fast-content-type-parse@2.0.1:
    resolution: {integrity: sha512-nGqtvLrj5w0naR6tDPfB4cUmYCqouzyQiz6C5y/LtcDllJdrcc6WaWW6iXyIIOErTa/XRybj28aasdn4LkVk6Q==}

  iconv-lite@0.4.24:
    resolution: {integrity: sha512-v3MXnZAcvnywkTUEZomIActle7RXXeedOR31wwl7VlyoXO4Qi9arvSenNQWne1TcRwhCL1HwLI21bEqdpj8/rA==}
    engines: {node: '>=0.10.0'}

  is-fullwidth-code-point@3.0.0:
    resolution: {integrity: sha512-zymm5+u+sCsSWyD9qNaejV3DFvhCKclKdizYaJUuHA83RLjb7nSuGnddCHGv0hk+KY7BMAlsWeK4Ueg6EV6XQg==}
    engines: {node: '>=8'}

  js-yaml@4.1.0:
    resolution: {integrity: sha512-wpxZs9NoxZaJESJGIZTyDEaYpl0FKSA+FB9aJiyemKhMwkxQg63h4T1KJgUGHpTqPDNRcmmYLugrRjJlBtWvRA==}
    hasBin: true

  lodash-es@4.17.21:
    resolution: {integrity: sha512-mKnC+QJ9pWVzv+C4/U3rRsHapFfHvQFoFB92e52xeyGMcX6/OlIl78je1u8vePzYZSkkogMPJ2yjxxsb89cxyw==}

  minipass@7.1.2:
    resolution: {integrity: sha512-qOOzS1cBTWYF4BH8fVePDBOO9iptMnGUEZwNc/cMWnTV2nVLZ7VoNWEPHkYczZA0pdoA7dl6e7FL659nX9S2aw==}
    engines: {node: '>=16 || 14 >=14.17'}

  minizlib@3.0.2:
    resolution: {integrity: sha512-oG62iEk+CYt5Xj2YqI5Xi9xWUeZhDI8jjQmC5oThVH5JGCTgIjr7ciJDzC7MBzYd//WvR1OTmP5Q38Q8ShQtVA==}
    engines: {node: '>= 18'}

  mkdirp@3.0.1:
    resolution: {integrity: sha512-+NsyUUAZDmo6YVHzL/stxSu3t9YS1iljliy3BSDrXJ/dkn1KYdmtZODGGjLcc9XLgVVpH4KshHB8XmZgMhaBXg==}
    engines: {node: '>=10'}
    hasBin: true

  ms@2.1.3:
    resolution: {integrity: sha512-6FlzubTLZG3J2a/NVCAleEhjzq5oxgHyaCU9yYXvcLsvoVaHJq/s5xXI6/XXP6tz7R9xAOtHnSO/tXtF3WRTlA==}

  mute-stream@2.0.0:
    resolution: {integrity: sha512-WWdIxpyjEn+FhQJQQv9aQAYlHoNVdzIzUySNV1gHUPDSdZJ3yZn7pAAbQcV7B56Mvu881q9FZV+0Vx2xC44VWA==}
    engines: {node: ^18.17.0 || >=20.5.0}

  node-addon-api@8.3.0:
    resolution: {integrity: sha512-8VOpLHFrOQlAH+qA0ZzuGRlALRA6/LVh8QJldbrC4DY0hXoMP0l4Acq8TzFC018HztWiRqyCEj2aTWY2UvnJUg==}
    engines: {node: ^18 || ^20 || >= 21}

  os-tmpdir@1.0.2:
    resolution: {integrity: sha512-D2FR03Vir7FIu45XBY20mTb+/ZSWB00sjU9jdQXt83gDrI4Ztz5Fs7/yy74g2N5SVQY4xY1qDr4rNddwYRVX0g==}
    engines: {node: '>=0.10.0'}

  pnpm@8.15.9:
    resolution: {integrity: sha512-SZQ0ydj90aJ5Tr9FUrOyXApjOrzuW7Fee13pDzL0e1E6ypjNXP0AHDHw20VLw4BO3M1XhQHkyik6aBYWa72fgQ==}
    engines: {node: '>=16.14'}
    hasBin: true

  safer-buffer@2.1.2:
    resolution: {integrity: sha512-YZo3K82SD7Riyi0E1EQPojLz7kpepnSQI9IyPbHHg1XXXevb5dJI7tpyN2ADxGcQbHG7vcyRHk0cbwqcQriUtg==}

  semver@7.7.1:
    resolution: {integrity: sha512-hlq8tAfn0m/61p4BVRcPzIGr6LKiMwo4VM6dGi6pt4qcRkmNzTcWq6eCEjEh+qXjkMDvPlOFFSGwQjoEa6gyMA==}
    engines: {node: '>=10'}
    hasBin: true

  signal-exit@4.1.0:
    resolution: {integrity: sha512-bzyZ1e88w9O1iNJbKnOlvYTrWPDl46O1bG0D3XInv+9tkPrxrN8jUUTiFlDkkmKWgn1M6CfIA13SuGqOa9Korw==}
    engines: {node: '>=14'}

  string-width@4.2.3:
    resolution: {integrity: sha512-wKyQRQpjJ0sIp62ErSZdGsjMJWsap5oRNihHhu6G7JVO/9jIB6UyevL+tXuOqrng8j/cxKTWyWUwvSTriiZz/g==}
    engines: {node: '>=8'}

  strip-ansi@6.0.1:
    resolution: {integrity: sha512-Y38VPSHcqkFrCpFnQ9vuSXmquuv5oXOKpGeT6aGrr3o3Gc9AlVa6JBfUSOCnbxGGZF+/0ooI7KrPuUSztUdU5A==}
    engines: {node: '>=8'}

  tar@7.4.3:
    resolution: {integrity: sha512-5S7Va8hKfV7W5U6g3aYxXmlPoZVAwUMy9AOKyF2fVuZa2UD3qZjg578OrLRt8PcNN1PleVaL/5/yYATNL0ICUw==}
    engines: {node: '>=18'}

  tmp@0.0.33:
    resolution: {integrity: sha512-jRCJlojKnZ3addtTOjdIqoRuPEKBvNXcGYqzO6zWZX8KfKEpnGY5jfggJQ3EjKuu8D4bJRr0y+cYJFmYbImXGw==}
    engines: {node: '>=0.6.0'}

  toml@3.0.0:
    resolution: {integrity: sha512-y/mWCZinnvxjTKYhJ+pYxwD0mRLVvOtdS2Awbgxln6iEnt4rk0yBxeSBHkGJcPucRiG0e55mwWp+g/05rsrd6w==}

  tslib@2.8.0:
    resolution: {integrity: sha512-jWVzBLplnCmoaTr13V9dYbiQ99wvZRd0vNWaDRg+aVYRcjDF3nDksxFDE/+fkXnKhpnUUkmx5pK/v8mCtLVqZA==}

  typanion@3.14.0:
    resolution: {integrity: sha512-ZW/lVMRabETuYCd9O9ZvMhAh8GslSqaUjxmK/JLPCh6l73CvLBiuXswj/+7LdnWOgYsQ130FqLzFz5aGT4I3Ug==}

  type-fest@0.21.3:
    resolution: {integrity: sha512-t0rzBq87m3fVcduHDUFhKmyyX+9eo6WQjZvf51Ea/M0Q7+T374Jp1aUiyUl0GKxp8M/OETVHSDvmkyPgvX+X2w==}
    engines: {node: '>=10'}

  undici-types@6.21.0:
    resolution: {integrity: sha512-iwDZqg0QAGrg9Rav5H4n0M64c3mkR59cJ6wQp+7C4nI0gsmExaedaYLNO44eT4AtBBwjbTiGPMlt2Md0T9H9JQ==}

  universal-user-agent@7.0.2:
    resolution: {integrity: sha512-0JCqzSKnStlRRQfCdowvqy3cy0Dvtlb8xecj/H8JFZuCze4rwjPZQOgvFvn0Ws/usCHQFGpyr+pB9adaGwXn4Q==}

  wasm-sjlj@1.0.6:
    resolution: {integrity: sha512-pjaKtLJejlWm6+okPV2X1A6nIsRDD4qeK97eCh8DP8KXi3Nzn/HY01vpHhZHlhDri12eZqipjm8HhdTVw+ATxw==}

  wrap-ansi@6.2.0:
    resolution: {integrity: sha512-r6lPcBGxZXlIcymEu7InxDMhdW0KDxpLgoFLcguasxCaJ/SOIZwINatK9KY/tf+ZrlywOKU0UDj3ATXUBfxJXA==}
    engines: {node: '>=8'}

  yallist@5.0.0:
    resolution: {integrity: sha512-YgvUTfwqyc7UXVMrB+SImsVYSmTS8X/tSrtdNZMImM+n7+QTriRXyXim0mBrTXNeqzVF0KWGgHPeiyViFFrNDw==}
    engines: {node: '>=18'}

  yoctocolors-cjs@2.1.2:
    resolution: {integrity: sha512-cYVsTjKl8b+FrnidjibDWskAv7UKOfcwaVZdp/it9n1s9fU3IkgDbhdIRKCW4JDsAlECJY0ytoVPT3sK6kideA==}
    engines: {node: '>=18'}

snapshots:

  '@emnapi/core@1.4.4':
    dependencies:
      '@emnapi/wasi-threads': 1.0.3
      tslib: 2.8.0

  '@emnapi/core@1.4.5':
    dependencies:
      '@emnapi/wasi-threads': 1.0.4
      tslib: 2.8.0

  '@emnapi/runtime@1.4.4':
    dependencies:
      tslib: 2.8.0

  '@emnapi/runtime@1.4.5':
    dependencies:
      tslib: 2.8.0

  '@emnapi/wasi-threads@1.0.3':
    dependencies:
      tslib: 2.8.0

  '@emnapi/wasi-threads@1.0.4':
    dependencies:
      tslib: 2.8.0

  '@inquirer/checkbox@4.1.5(@types/node@20.19.1)':
    dependencies:
      '@inquirer/core': 10.1.10(@types/node@20.19.1)
      '@inquirer/figures': 1.0.11
      '@inquirer/type': 3.0.6(@types/node@20.19.1)
      ansi-escapes: 4.3.2
      yoctocolors-cjs: 2.1.2
    optionalDependencies:
      '@types/node': 20.19.1

  '@inquirer/confirm@5.1.9(@types/node@20.19.1)':
    dependencies:
      '@inquirer/core': 10.1.10(@types/node@20.19.1)
      '@inquirer/type': 3.0.6(@types/node@20.19.1)
    optionalDependencies:
      '@types/node': 20.19.1

  '@inquirer/core@10.1.10(@types/node@20.19.1)':
    dependencies:
      '@inquirer/figures': 1.0.11
      '@inquirer/type': 3.0.6(@types/node@20.19.1)
      ansi-escapes: 4.3.2
      cli-width: 4.1.0
      mute-stream: 2.0.0
      signal-exit: 4.1.0
      wrap-ansi: 6.2.0
      yoctocolors-cjs: 2.1.2
    optionalDependencies:
      '@types/node': 20.19.1

  '@inquirer/editor@4.2.10(@types/node@20.19.1)':
    dependencies:
      '@inquirer/core': 10.1.10(@types/node@20.19.1)
      '@inquirer/type': 3.0.6(@types/node@20.19.1)
      external-editor: 3.1.0
    optionalDependencies:
      '@types/node': 20.19.1

  '@inquirer/expand@4.0.12(@types/node@20.19.1)':
    dependencies:
      '@inquirer/core': 10.1.10(@types/node@20.19.1)
      '@inquirer/type': 3.0.6(@types/node@20.19.1)
      yoctocolors-cjs: 2.1.2
    optionalDependencies:
      '@types/node': 20.19.1

  '@inquirer/figures@1.0.11': {}

  '@inquirer/input@4.1.9(@types/node@20.19.1)':
    dependencies:
      '@inquirer/core': 10.1.10(@types/node@20.19.1)
      '@inquirer/type': 3.0.6(@types/node@20.19.1)
    optionalDependencies:
      '@types/node': 20.19.1

  '@inquirer/number@3.0.12(@types/node@20.19.1)':
    dependencies:
      '@inquirer/core': 10.1.10(@types/node@20.19.1)
      '@inquirer/type': 3.0.6(@types/node@20.19.1)
    optionalDependencies:
      '@types/node': 20.19.1

  '@inquirer/password@4.0.12(@types/node@20.19.1)':
    dependencies:
      '@inquirer/core': 10.1.10(@types/node@20.19.1)
      '@inquirer/type': 3.0.6(@types/node@20.19.1)
      ansi-escapes: 4.3.2
    optionalDependencies:
      '@types/node': 20.19.1

  '@inquirer/prompts@7.4.1(@types/node@20.19.1)':
    dependencies:
      '@inquirer/checkbox': 4.1.5(@types/node@20.19.1)
      '@inquirer/confirm': 5.1.9(@types/node@20.19.1)
      '@inquirer/editor': 4.2.10(@types/node@20.19.1)
      '@inquirer/expand': 4.0.12(@types/node@20.19.1)
      '@inquirer/input': 4.1.9(@types/node@20.19.1)
      '@inquirer/number': 3.0.12(@types/node@20.19.1)
      '@inquirer/password': 4.0.12(@types/node@20.19.1)
      '@inquirer/rawlist': 4.0.12(@types/node@20.19.1)
      '@inquirer/search': 3.0.12(@types/node@20.19.1)
      '@inquirer/select': 4.1.1(@types/node@20.19.1)
    optionalDependencies:
      '@types/node': 20.19.1

  '@inquirer/rawlist@4.0.12(@types/node@20.19.1)':
    dependencies:
      '@inquirer/core': 10.1.10(@types/node@20.19.1)
      '@inquirer/type': 3.0.6(@types/node@20.19.1)
      yoctocolors-cjs: 2.1.2
    optionalDependencies:
      '@types/node': 20.19.1

  '@inquirer/search@3.0.12(@types/node@20.19.1)':
    dependencies:
      '@inquirer/core': 10.1.10(@types/node@20.19.1)
      '@inquirer/figures': 1.0.11
      '@inquirer/type': 3.0.6(@types/node@20.19.1)
      yoctocolors-cjs: 2.1.2
    optionalDependencies:
      '@types/node': 20.19.1

  '@inquirer/select@4.1.1(@types/node@20.19.1)':
    dependencies:
      '@inquirer/core': 10.1.10(@types/node@20.19.1)
      '@inquirer/figures': 1.0.11
      '@inquirer/type': 3.0.6(@types/node@20.19.1)
      ansi-escapes: 4.3.2
      yoctocolors-cjs: 2.1.2
    optionalDependencies:
      '@types/node': 20.19.1

  '@inquirer/type@3.0.6(@types/node@20.19.1)':
    optionalDependencies:
      '@types/node': 20.19.1

  '@isaacs/fs-minipass@4.0.1':
    dependencies:
      minipass: 7.1.2

  '@napi-rs/cli@3.0.0-alpha.78(@emnapi/runtime@1.4.5)(@types/node@20.19.1)(emnapi@1.4.5(node-addon-api@8.3.0))':
    dependencies:
      '@inquirer/prompts': 7.4.1(@types/node@20.19.1)
      '@napi-rs/cross-toolchain': 0.0.19
      '@napi-rs/wasm-tools': 0.0.3
      '@octokit/rest': 21.1.1
      clipanion: 4.0.0-rc.4(typanion@3.14.0)
      colorette: 2.0.20
      debug: 4.4.0
      js-yaml: 4.1.0
      lodash-es: 4.17.21
      semver: 7.7.1
      toml: 3.0.0
      typanion: 3.14.0
      wasm-sjlj: 1.0.6
    optionalDependencies:
      '@emnapi/runtime': 1.4.5
      emnapi: 1.4.5(node-addon-api@8.3.0)
    transitivePeerDependencies:
      - '@napi-rs/cross-toolchain-arm64-target-aarch64'
      - '@napi-rs/cross-toolchain-arm64-target-armv7'
      - '@napi-rs/cross-toolchain-arm64-target-x86_64'
      - '@napi-rs/cross-toolchain-x64-target-aarch64'
      - '@napi-rs/cross-toolchain-x64-target-armv7'
      - '@napi-rs/cross-toolchain-x64-target-x86_64'
      - '@types/node'
      - supports-color

  '@napi-rs/cross-toolchain@0.0.19':
    dependencies:
      '@napi-rs/lzma': 1.4.1
      '@napi-rs/tar': 0.1.4
      debug: 4.4.0
    transitivePeerDependencies:
      - supports-color

  '@napi-rs/lzma-android-arm-eabi@1.4.1':
    optional: true

  '@napi-rs/lzma-android-arm64@1.4.1':
    optional: true

  '@napi-rs/lzma-darwin-arm64@1.4.1':
    optional: true

  '@napi-rs/lzma-darwin-x64@1.4.1':
    optional: true

  '@napi-rs/lzma-freebsd-x64@1.4.1':
    optional: true

  '@napi-rs/lzma-linux-arm-gnueabihf@1.4.1':
    optional: true

  '@napi-rs/lzma-linux-arm64-gnu@1.4.1':
    optional: true

  '@napi-rs/lzma-linux-arm64-musl@1.4.1':
    optional: true

  '@napi-rs/lzma-linux-ppc64-gnu@1.4.1':
    optional: true

  '@napi-rs/lzma-linux-riscv64-gnu@1.4.1':
    optional: true

  '@napi-rs/lzma-linux-s390x-gnu@1.4.1':
    optional: true

  '@napi-rs/lzma-linux-x64-gnu@1.4.1':
    optional: true

  '@napi-rs/lzma-linux-x64-musl@1.4.1':
    optional: true

  '@napi-rs/lzma-wasm32-wasi@1.4.1':
    dependencies:
      '@napi-rs/wasm-runtime': 0.2.12
    optional: true

  '@napi-rs/lzma-win32-arm64-msvc@1.4.1':
    optional: true

  '@napi-rs/lzma-win32-ia32-msvc@1.4.1':
    optional: true

  '@napi-rs/lzma-win32-x64-msvc@1.4.1':
    optional: true

  '@napi-rs/lzma@1.4.1':
    optionalDependencies:
      '@napi-rs/lzma-android-arm-eabi': 1.4.1
      '@napi-rs/lzma-android-arm64': 1.4.1
      '@napi-rs/lzma-darwin-arm64': 1.4.1
      '@napi-rs/lzma-darwin-x64': 1.4.1
      '@napi-rs/lzma-freebsd-x64': 1.4.1
      '@napi-rs/lzma-linux-arm-gnueabihf': 1.4.1
      '@napi-rs/lzma-linux-arm64-gnu': 1.4.1
      '@napi-rs/lzma-linux-arm64-musl': 1.4.1
      '@napi-rs/lzma-linux-ppc64-gnu': 1.4.1
      '@napi-rs/lzma-linux-riscv64-gnu': 1.4.1
      '@napi-rs/lzma-linux-s390x-gnu': 1.4.1
      '@napi-rs/lzma-linux-x64-gnu': 1.4.1
      '@napi-rs/lzma-linux-x64-musl': 1.4.1
      '@napi-rs/lzma-wasm32-wasi': 1.4.1
      '@napi-rs/lzma-win32-arm64-msvc': 1.4.1
      '@napi-rs/lzma-win32-ia32-msvc': 1.4.1
      '@napi-rs/lzma-win32-x64-msvc': 1.4.1

  '@napi-rs/tar-android-arm-eabi@0.1.4':
    optional: true

  '@napi-rs/tar-android-arm64@0.1.4':
    optional: true

  '@napi-rs/tar-darwin-arm64@0.1.4':
    optional: true

  '@napi-rs/tar-darwin-x64@0.1.4':
    optional: true

  '@napi-rs/tar-freebsd-x64@0.1.4':
    optional: true

  '@napi-rs/tar-linux-arm-gnueabihf@0.1.4':
    optional: true

  '@napi-rs/tar-linux-arm64-gnu@0.1.4':
    optional: true

  '@napi-rs/tar-linux-arm64-musl@0.1.4':
    optional: true

  '@napi-rs/tar-linux-ppc64-gnu@0.1.4':
    optional: true

  '@napi-rs/tar-linux-s390x-gnu@0.1.4':
    optional: true

  '@napi-rs/tar-linux-x64-gnu@0.1.4':
    optional: true

  '@napi-rs/tar-linux-x64-musl@0.1.4':
    optional: true

  '@napi-rs/tar-wasm32-wasi@0.1.4':
    dependencies:
      '@napi-rs/wasm-runtime': 0.2.12
    optional: true

  '@napi-rs/tar-win32-arm64-msvc@0.1.4':
    optional: true

  '@napi-rs/tar-win32-ia32-msvc@0.1.4':
    optional: true

  '@napi-rs/tar-win32-x64-msvc@0.1.4':
    optional: true

  '@napi-rs/tar@0.1.4':
    optionalDependencies:
      '@napi-rs/tar-android-arm-eabi': 0.1.4
      '@napi-rs/tar-android-arm64': 0.1.4
      '@napi-rs/tar-darwin-arm64': 0.1.4
      '@napi-rs/tar-darwin-x64': 0.1.4
      '@napi-rs/tar-freebsd-x64': 0.1.4
      '@napi-rs/tar-linux-arm-gnueabihf': 0.1.4
      '@napi-rs/tar-linux-arm64-gnu': 0.1.4
      '@napi-rs/tar-linux-arm64-musl': 0.1.4
      '@napi-rs/tar-linux-ppc64-gnu': 0.1.4
      '@napi-rs/tar-linux-s390x-gnu': 0.1.4
      '@napi-rs/tar-linux-x64-gnu': 0.1.4
      '@napi-rs/tar-linux-x64-musl': 0.1.4
      '@napi-rs/tar-wasm32-wasi': 0.1.4
      '@napi-rs/tar-win32-arm64-msvc': 0.1.4
      '@napi-rs/tar-win32-ia32-msvc': 0.1.4
      '@napi-rs/tar-win32-x64-msvc': 0.1.4

  '@napi-rs/wasm-runtime@0.2.12':
    dependencies:
      '@emnapi/core': 1.4.4
      '@emnapi/runtime': 1.4.4
      '@tybys/wasm-util': 0.10.0

  '@napi-rs/wasm-tools-android-arm-eabi@0.0.3':
    optional: true

  '@napi-rs/wasm-tools-android-arm64@0.0.3':
    optional: true

  '@napi-rs/wasm-tools-darwin-arm64@0.0.3':
    optional: true

  '@napi-rs/wasm-tools-darwin-x64@0.0.3':
    optional: true

  '@napi-rs/wasm-tools-freebsd-x64@0.0.3':
    optional: true

  '@napi-rs/wasm-tools-linux-arm64-gnu@0.0.3':
    optional: true

  '@napi-rs/wasm-tools-linux-arm64-musl@0.0.3':
    optional: true

  '@napi-rs/wasm-tools-linux-x64-gnu@0.0.3':
    optional: true

  '@napi-rs/wasm-tools-linux-x64-musl@0.0.3':
    optional: true

  '@napi-rs/wasm-tools-wasm32-wasi@0.0.3':
    dependencies:
      '@napi-rs/wasm-runtime': 0.2.12
    optional: true

  '@napi-rs/wasm-tools-win32-arm64-msvc@0.0.3':
    optional: true

  '@napi-rs/wasm-tools-win32-ia32-msvc@0.0.3':
    optional: true

  '@napi-rs/wasm-tools-win32-x64-msvc@0.0.3':
    optional: true

  '@napi-rs/wasm-tools@0.0.3':
    optionalDependencies:
      '@napi-rs/wasm-tools-android-arm-eabi': 0.0.3
      '@napi-rs/wasm-tools-android-arm64': 0.0.3
      '@napi-rs/wasm-tools-darwin-arm64': 0.0.3
      '@napi-rs/wasm-tools-darwin-x64': 0.0.3
      '@napi-rs/wasm-tools-freebsd-x64': 0.0.3
      '@napi-rs/wasm-tools-linux-arm64-gnu': 0.0.3
      '@napi-rs/wasm-tools-linux-arm64-musl': 0.0.3
      '@napi-rs/wasm-tools-linux-x64-gnu': 0.0.3
      '@napi-rs/wasm-tools-linux-x64-musl': 0.0.3
      '@napi-rs/wasm-tools-wasm32-wasi': 0.0.3
      '@napi-rs/wasm-tools-win32-arm64-msvc': 0.0.3
      '@napi-rs/wasm-tools-win32-ia32-msvc': 0.0.3
      '@napi-rs/wasm-tools-win32-x64-msvc': 0.0.3

  '@octokit/auth-token@5.1.2': {}

  '@octokit/core@6.1.4':
    dependencies:
      '@octokit/auth-token': 5.1.2
      '@octokit/graphql': 8.2.1
      '@octokit/request': 9.2.2
      '@octokit/request-error': 6.1.7
      '@octokit/types': 13.10.0
      before-after-hook: 3.0.2
      universal-user-agent: 7.0.2

  '@octokit/endpoint@10.1.3':
    dependencies:
      '@octokit/types': 13.10.0
      universal-user-agent: 7.0.2

  '@octokit/graphql@8.2.1':
    dependencies:
      '@octokit/request': 9.2.2
      '@octokit/types': 13.10.0
      universal-user-agent: 7.0.2

  '@octokit/openapi-types@24.2.0': {}

  '@octokit/plugin-paginate-rest@11.6.0(@octokit/core@6.1.4)':
    dependencies:
      '@octokit/core': 6.1.4
      '@octokit/types': 13.10.0

  '@octokit/plugin-request-log@5.3.1(@octokit/core@6.1.4)':
    dependencies:
      '@octokit/core': 6.1.4

  '@octokit/plugin-rest-endpoint-methods@13.5.0(@octokit/core@6.1.4)':
    dependencies:
      '@octokit/core': 6.1.4
      '@octokit/types': 13.10.0

  '@octokit/request-error@6.1.7':
    dependencies:
      '@octokit/types': 13.10.0

  '@octokit/request@9.2.2':
    dependencies:
      '@octokit/endpoint': 10.1.3
      '@octokit/request-error': 6.1.7
      '@octokit/types': 13.10.0
      fast-content-type-parse: 2.0.1
      universal-user-agent: 7.0.2

  '@octokit/rest@21.1.1':
    dependencies:
      '@octokit/core': 6.1.4
      '@octokit/plugin-paginate-rest': 11.6.0(@octokit/core@6.1.4)
      '@octokit/plugin-request-log': 5.3.1(@octokit/core@6.1.4)
      '@octokit/plugin-rest-endpoint-methods': 13.5.0(@octokit/core@6.1.4)

  '@octokit/types@13.10.0':
    dependencies:
      '@octokit/openapi-types': 24.2.0

  '@tybys/wasm-util@0.10.0':
    dependencies:
      tslib: 2.8.0

  '@types/node@20.19.1':
    dependencies:
      undici-types: 6.21.0
    optional: true

  ansi-escapes@4.3.2:
    dependencies:
      type-fest: 0.21.3

  ansi-regex@5.0.1: {}

  ansi-styles@4.3.0:
    dependencies:
      color-convert: 2.0.1

  argparse@2.0.1: {}

  before-after-hook@3.0.2: {}

  chardet@0.7.0: {}

  chownr@3.0.0: {}

  cli-width@4.1.0: {}

  clipanion@4.0.0-rc.4(typanion@3.14.0):
    dependencies:
      typanion: 3.14.0

  color-convert@2.0.1:
    dependencies:
      color-name: 1.1.4

  color-name@1.1.4: {}

  colorette@2.0.20: {}

  debug@4.4.0:
    dependencies:
      ms: 2.1.3

  detect-libc@2.0.4: {}

  emnapi@1.4.5(node-addon-api@8.3.0):
    optionalDependencies:
      node-addon-api: 8.3.0

  emoji-regex@8.0.0: {}

  external-editor@3.1.0:
    dependencies:
      chardet: 0.7.0
      iconv-lite: 0.4.24
      tmp: 0.0.33

  fast-content-type-parse@2.0.1: {}

  iconv-lite@0.4.24:
    dependencies:
      safer-buffer: 2.1.2

  is-fullwidth-code-point@3.0.0: {}

  js-yaml@4.1.0:
    dependencies:
      argparse: 2.0.1

  lodash-es@4.17.21: {}

  minipass@7.1.2: {}

  minizlib@3.0.2:
    dependencies:
      minipass: 7.1.2

  mkdirp@3.0.1: {}

  ms@2.1.3: {}

  mute-stream@2.0.0: {}

  node-addon-api@8.3.0:
    optional: true

  os-tmpdir@1.0.2: {}

  pnpm@8.15.9: {}

  safer-buffer@2.1.2: {}

  semver@7.7.1: {}

  signal-exit@4.1.0: {}

  string-width@4.2.3:
    dependencies:
      emoji-regex: 8.0.0
      is-fullwidth-code-point: 3.0.0
      strip-ansi: 6.0.1

  strip-ansi@6.0.1:
    dependencies:
      ansi-regex: 5.0.1

  tar@7.4.3:
    dependencies:
      '@isaacs/fs-minipass': 4.0.1
      chownr: 3.0.0
      minipass: 7.1.2
      minizlib: 3.0.2
      mkdirp: 3.0.1
      yallist: 5.0.0

  tmp@0.0.33:
    dependencies:
      os-tmpdir: 1.0.2

  toml@3.0.0: {}

  tslib@2.8.0: {}

  typanion@3.14.0: {}

  type-fest@0.21.3: {}

  undici-types@6.21.0:
    optional: true

  universal-user-agent@7.0.2: {}

  wasm-sjlj@1.0.6: {}

  wrap-ansi@6.2.0:
    dependencies:
      ansi-styles: 4.3.0
      string-width: 4.2.3
      strip-ansi: 6.0.1

  yallist@5.0.0: {}

  yoctocolors-cjs@2.1.2: {}
